{
    "_readme": [
        "This file locks the dependencies of your project to a known state",
        "Read more about it at https://getcomposer.org/doc/01-basic-usage.md#composer-lock-the-lock-file",
        "This file is @generated automatically"
    ],
    "hash": "8c30ebca020e490dcc0454e622cff061",
    "content-hash": "daea18270df6097007289fd585fdfbff",
    "packages": [
        {
            "name": "stil/gd-text",
            "version": "v1.1.0",
            "source": {
                "type": "git",
                "url": "https://github.com/stil/gd-text.git",
                "reference": "ae2bd5736dbd6d45a4af1e4b9c573dd4d8d06b11"
            },
            "dist": {
                "type": "zip",
                "url": "https://api.github.com/repos/stil/gd-text/zipball/ae2bd5736dbd6d45a4af1e4b9c573dd4d8d06b11",
                "reference": "ae2bd5736dbd6d45a4af1e4b9c573dd4d8d06b11",
                "shasum": ""
            },
            "require": {
                "ext-gd": "*",
                "php": ">=5.3"
            },
            "require-dev": {
                "phpunit/phpunit": "^5.4"
            },
            "type": "library",
            "autoload": {
                "psr-4": {
                    "GDText\\": "src/",
                    "GDText\\Tests\\": "tests/"
                }
            },
            "notification-url": "https://packagist.org/downloads/",
            "license": [
                "MIT"
            ],
            "description": "A class drawing multiline and aligned text on pictures. Uses GD extension.",
            "time": "2016-07-22 22:31:04"
        }
    ],
    "packages-dev": [
        {
            "name": "mikey179/vfsStream",
            "version": "v1.1.0",
            "source": {
                "type": "git",
                "url": "https://github.com/mikey179/vfsStream.git",
                "reference": "fc0fe8f4d0b527254a2dc45f0c265567c881d07e"
            },
            "dist": {
                "type": "zip",
                "url": "https://api.github.com/repos/mikey179/vfsStream/zipball/fc0fe8f4d0b527254a2dc45f0c265567c881d07e",
                "reference": "fc0fe8f4d0b527254a2dc45f0c265567c881d07e",
                "shasum": ""
            },
            "require": {
                "php": ">=5.3.0"
            },
            "type": "library",
            "autoload": {
                "psr-0": {
                    "org\\bovigo\\vfs": "src/main/php"
                }
            },
            "notification-url": "https://packagist.org/downloads/",
            "license": [
                "BSD"
            ],
            "homepage": "http://vfs.bovigo.org/",
            "time": "2012-08-25 12:49:29"
        }
    ],
    "aliases": [],
    "minimum-stability": "stable",
    "stability-flags": [],
    "prefer-stable": false,
    "prefer-lowest": false,
    "platform": {
        "php": ">=5.2.4"
    },
    "platform-dev": []
}
